# @generated by Move, please check-in and do not edit manually.

[move]
version = 3
manifest_digest = "667D1CA3890290399FB8318005259E7EF24E0D5A4362891E81E58659549645FA"
deps_digest = "CAFAD8A7CF51067FB4358215BECB86BD100DD64E57C2AC8A7AE7D74B688F5965"
dependencies = [
  { id = "BucketProtocol", name = "BucketProtocol" },
  { id = "CetusClmm", name = "CetusClmm" },
  { id = "ScallopProtocol", name = "ScallopProtocol" },
  { id = "Sui", name = "Sui" },
  { id = "fountain", name = "fountain" },
  { id = "suilend", name = "suilend" },
  { id = "suins", name = "suins" },
]

[[move.package]]
id = "BucketFramework"
source = { git = "https://github.com/Bucket-Protocol/bucket-interface.git", rev = "without-oracle", subdir = "framework" }

dependencies = [
  { id = "Sui", name = "Sui" },
]

[[move.package]]
id = "BucketProtocol"
source = { git = "https://github.com/Bucket-Protocol/bucket-interface.git", rev = "without-oracle", subdir = "bucket-protocol" }

dependencies = [
  { id = "BucketFramework", name = "BucketFramework" },
  { id = "Flask", name = "Flask" },
]

[[move.package]]
id = "CetusClmm"
source = { local = "lib/clmmpool" }

dependencies = [
  { id = "IntegerMate", name = "IntegerMate" },
  { id = "MoveSTL", name = "MoveSTL" },
  { id = "Sui", name = "Sui" },
]

[[move.package]]
id = "CoinDecimalsRegistry"
source = { local = "lib/scallop/libs/coin_decimals_registry" }

dependencies = [
  { id = "Sui", name = "Sui" },
]

[[move.package]]
id = "Flask"
source = { git = "https://github.com/Sparkling-Finance/contract.git", rev = "sbuck", subdir = "flask" }

dependencies = [
  { id = "Sui", name = "Sui" },
]

[[move.package]]
id = "IntegerMate"
source = { local = "lib/integer-mate" }

dependencies = [
  { id = "Sui", name = "Sui" },
]

[[move.package]]
id = "Math"
source = { local = "lib/scallop/libs/math" }

dependencies = [
  { id = "Sui", name = "Sui" },
]

[[move.package]]
id = "MoveSTL"
source = { local = "lib/move-stl" }

dependencies = [
  { id = "Sui", name = "Sui" },
]

[[move.package]]
id = "MoveStdlib"
source = { git = "https://github.com/MystenLabs/sui.git", rev = "framework/mainnet", subdir = "crates/sui-framework/packages/move-stdlib" }

[[move.package]]
id = "Pyth"
source = { git = "https://github.com/solendprotocol/pyth-crosschain.git", rev = "98e218c64bb75cf1350eb7b021e1ffcc3aedfd62", subdir = "target_chains/sui/contracts" }

dependencies = [
  { id = "Sui", name = "Sui" },
  { id = "Wormhole", name = "Wormhole" },
]

[[move.package]]
id = "ScallopProtocol"
source = { local = "lib/scallop/protocol" }

dependencies = [
  { id = "CoinDecimalsRegistry", name = "CoinDecimalsRegistry" },
  { id = "Math", name = "Math" },
  { id = "Sui", name = "Sui" },
  { id = "Whitelist", name = "Whitelist" },
  { id = "X", name = "X" },
  { id = "XOracle", name = "XOracle" },
]

[[move.package]]
id = "Sui"
source = { git = "https://github.com/MystenLabs/sui.git", rev = "framework/mainnet", subdir = "crates/sui-framework/packages/sui-framework" }

dependencies = [
  { id = "MoveStdlib", name = "MoveStdlib" },
]

[[move.package]]
id = "Whitelist"
source = { local = "lib/scallop/libs/whitelist" }

dependencies = [
  { id = "Sui", name = "Sui" },
]

[[move.package]]
id = "Wormhole"
source = { git = "https://github.com/solendprotocol/wormhole.git", rev = "e1698d3c72b15cdddd7da98ad43e151f83b72a0a", subdir = "sui/wormhole" }

dependencies = [
  { id = "Sui", name = "Sui" },
]

[[move.package]]
id = "X"
source = { local = "lib/scallop/libs/x" }

dependencies = [
  { id = "Sui", name = "Sui" },
]

[[move.package]]
id = "XOracle"
source = { local = "lib/scallop/sui_x_oracle/x_oracle" }

dependencies = [
  { id = "Sui", name = "Sui" },
]

[[move.package]]
id = "fountain"
source = { git = "https://github.com/Fountain-Fi/contract", rev = "main", subdir = "fountain" }

dependencies = [
  { id = "Sui", name = "Sui" },
]

[[move.package]]
id = "suilend"
source = { git = "https://github.com/solendprotocol/suilend.git", rev = "mainnet", subdir = "contracts/suilend" }

dependencies = [
  { id = "Pyth", name = "Pyth" },
  { id = "Sui", name = "Sui" },
]

[[move.package]]
id = "suins"
source = { local = "lib/suins" }

dependencies = [
  { id = "Sui", name = "Sui" },
]

[move.toolchain-version]
compiler-version = "1.35.0"
edition = "2024.beta"
flavor = "sui"
