# @generated by Move, please check-in and do not edit manually.

[move]
version = 3
manifest_digest = "2A021E7E8A2103119C466E914192DAF0E59F736908F3D3925C060778A2AFCDDE"
deps_digest = "04732BFEF428F74DE262001DC455D76B909EBC394B034A9A15CC095E4BDD9CEF"
dependencies = [
  { id = "BucketProtocol", name = "BucketProtocol" },
  { id = "CetusClmm", name = "CetusClmm" },
  { id = "Flask", name = "Flask" },
  { id = "ScallopProtocol", name = "ScallopProtocol" },
  { id = "Sui", name = "Sui" },
  { id = "fountain", name = "fountain" },
  { id = "suilend", name = "suilend" },
  { id = "suins", name = "suins" },
]

[[move.package]]
id = "BucketFramework"
source = { local = "lib/framework" }

dependencies = [
  { id = "Sui", name = "Sui" },
]

[[move.package]]
id = "BucketOracle"
source = { local = "lib/bucket-oracle" }

dependencies = [
  { id = "Pyth", name = "Pyth" },
  { id = "Sui", name = "Sui" },
  { id = "SupraOracle", name = "SupraOracle" },
  { id = "SwitchboardStdLib", name = "SwitchboardStdLib" },
]

[[move.package]]
id = "BucketProtocol"
source = { local = "lib/bucket-protocol" }

dependencies = [
  { id = "BucketFramework", name = "BucketFramework" },
  { id = "BucketOracle", name = "BucketOracle" },
  { id = "Flask", name = "Flask" },
  { id = "Sui", name = "Sui" },
]

[[move.package]]
id = "CetusClmm"
source = { local = "lib/clmmpool" }

dependencies = [
  { id = "IntegerMate", name = "IntegerMate" },
  { id = "MoveSTL", name = "MoveSTL" },
  { id = "Sui", name = "Sui" },
]

[[move.package]]
id = "CoinDecimalsRegistry"
source = { local = "lib/scallop/libs/coin_decimals_registry" }

dependencies = [
  { id = "Sui", name = "Sui" },
]

[[move.package]]
id = "Flask"
source = { local = "lib/flask" }

dependencies = [
  { id = "Sui", name = "Sui" },
]

[[move.package]]
id = "IntegerMate"
source = { local = "lib/integer-mate" }

dependencies = [
  { id = "Sui", name = "Sui" },
]

[[move.package]]
id = "Math"
source = { local = "lib/scallop/libs/math" }

dependencies = [
  { id = "Sui", name = "Sui" },
]

[[move.package]]
id = "MoveSTL"
source = { local = "lib/move-stl" }

dependencies = [
  { id = "Sui", name = "Sui" },
]

[[move.package]]
id = "MoveStdlib"
source = { git = "https://github.com/MystenLabs/sui.git", rev = "framework/mainnet", subdir = "crates/sui-framework/packages/move-stdlib" }

[[move.package]]
id = "Pyth"
source = { local = "lib/bucket-oracle/partners/pyth" }

dependencies = [
  { id = "Sui", name = "Sui" },
  { id = "Wormhole", name = "Wormhole" },
]

[[move.package]]
id = "ScallopProtocol"
source = { local = "lib/scallop/protocol" }

dependencies = [
  { id = "CoinDecimalsRegistry", name = "CoinDecimalsRegistry" },
  { id = "Math", name = "Math" },
  { id = "Sui", name = "Sui" },
  { id = "Whitelist", name = "Whitelist" },
  { id = "X", name = "X" },
  { id = "XOracle", name = "XOracle" },
]

[[move.package]]
id = "Sui"
source = { git = "https://github.com/MystenLabs/sui.git", rev = "framework/mainnet", subdir = "crates/sui-framework/packages/sui-framework" }

dependencies = [
  { id = "MoveStdlib", name = "MoveStdlib" },
]

[[move.package]]
id = "SuilendPyth"
source = { local = "lib/suilend-oracle" }

dependencies = [
  { id = "Sui", name = "Sui" },
  { id = "Wormhole", name = "Wormhole" },
]

[[move.package]]
id = "SupraOracle"
source = { local = "lib/bucket-oracle/partners/supra" }

dependencies = [
  { id = "Sui", name = "Sui" },
]

[[move.package]]
id = "SwitchboardStdLib"
source = { local = "lib/bucket-oracle/partners/switchboard" }

dependencies = [
  { id = "MoveStdlib", name = "MoveStdlib" },
  { id = "Sui", name = "Sui" },
]

[[move.package]]
id = "Whitelist"
source = { local = "lib/scallop/libs/whitelist" }

dependencies = [
  { id = "Sui", name = "Sui" },
]

[[move.package]]
id = "Wormhole"
source = { local = "lib/wormhole" }

dependencies = [
  { id = "Sui", name = "Sui" },
]

[[move.package]]
id = "X"
source = { local = "lib/scallop/libs/x" }

dependencies = [
  { id = "Sui", name = "Sui" },
]

[[move.package]]
id = "XOracle"
source = { local = "lib/scallop/sui_x_oracle/x_oracle" }

dependencies = [
  { id = "Sui", name = "Sui" },
]

[[move.package]]
id = "fountain"
source = { local = "lib/fountain" }

dependencies = [
  { id = "Sui", name = "Sui" },
]

[[move.package]]
id = "suilend"
source = { local = "lib/suilend" }

dependencies = [
  { id = "Sui", name = "Sui" },
  { id = "SuilendPyth", name = "SuilendPyth" },
]

[[move.package]]
id = "suins"
source = { local = "lib/suins" }

dependencies = [
  { id = "Sui", name = "Sui" },
]

[move.toolchain-version]
compiler-version = "1.35.0"
edition = "2024.beta"
flavor = "sui"

[env]

[env.mainnet]
chain-id = "35834a8a"
original-published-id = "0xd23b8fbceb976b19bd456dacb666284ef69c058e0ef9e0d88ecd821dc81c9cc3"
latest-published-id = "0xd23b8fbceb976b19bd456dacb666284ef69c058e0ef9e0d88ecd821dc81c9cc3"
published-version = "1"
